{
  "name": "aetheria-engine",
  "version": "1.0.0",
  "lockfileVersion": 3,
  "requires": true,
  "packages": {
    "": {
      "name": "aetheria-engine",
      "version": "1.0.0",
      "license": "UNLICENSED",
      "devDependencies": {
        "typescript": "^5.4.0"
      }
    },
    "node_modules/typescript": {
      "version": "5.4.5",
      "resolved": "https://registry.npmjs.org/typescript/-/typescript-5.4.5.tgz",
      "integrity": "sha512-C0WQThP3EWJnJRwasS+OCvGOURhzCcB285qSkViCrC3Cr82bOZhZZzd25bNwJUCwuYA6xeGGFakZXS8ZDUb5Mg==",
      "dev": true,
      "bin": {
        "tsc": "bin/tsc",
        "tsserver": "bin/tsserver"
      },
      "engines": {
        "node": ">=14.17"
      }
    }
  }
}
